
Microsoft Visual Studio Solution File, Format Version 12.00
# Visual Studio Version 17
VisualStudioVersion = 17.9.34701.34
MinimumVisualStudioVersion = 10.0.40219.1
Project("{FAE04EC0-301F-11D3-BF4B-00C04F79EFBC}") = "SkypeChatExport", "SkypeChatExport\SkypeChatExport.csproj", "{5C9DEBD2-3B27-4412-8796-68052A6FC74B}"
EndProject
Global
	GlobalSection(SolutionConfigurationPlatforms) = preSolution
		Debug|Any CPU = Debug|Any CPU
		Release|Any CPU = Release|Any CPU
	EndGlobalSection
	GlobalSection(ProjectConfigurationPlatforms) = postSolution
		{5C9DEBD2-3B27-4412-8796-68052A6FC74B}.Debug|Any CPU.ActiveCfg = Debug|Any CPU
		{5C9DEBD2-3B27-4412-8796-68052A6FC74B}.Debug|Any CPU.Build.0 = Debug|Any CPU
		{5C9DEBD2-3B27-4412-8796-68052A6FC74B}.Release|Any CPU.ActiveCfg = Release|Any CPU
		{5C9DEBD2-3B27-4412-8796-68052A6FC74B}.Release|Any CPU.Build.0 = Release|Any CPU
	EndGlobalSection
	GlobalSection(SolutionProperties) = preSolution
		HideSolutionNode = FALSE
	EndGlobalSection
	GlobalSection(ExtensibilityGlobals) = postSolution
		SolutionGuid = {1B43A3B2-5661-45FE-8645-E771877B74AC}
	EndGlobalSection
EndGlobal
